{
  "version": 4,
  "terraform_version": "1.10.0",
  "serial": 6,
  "lineage": "c8c02367-6cd1-70b2-8c83-ef22f0f1d6e0",
  "outputs": {
    "nic_id": {
      "value": "/subscriptions/1f8c3888-4672-49d2-8e63-0b1b8819dba7/resourceGroups/parimal-testing/providers/Microsoft.Network/networkInterfaces/parimal-vm-nic",
      "type": "string"
    },
    "public_ip_id": {
      "value": "/subscriptions/1f8c3888-4672-49d2-8e63-0b1b8819dba7/resourceGroups/parimal-testing/providers/Microsoft.Network/publicIPAddresses/parimaltestingpublicip",
      "type": "string"
    },
    "subnet_id": {
      "value": "/subscriptions/1f8c3888-4672-49d2-8e63-0b1b8819dba7/resourceGroups/parimal-testing/providers/Microsoft.Network/virtualNetworks/parimaltesting-vnet/subnets/default",
      "type": "string"
    }
  },
  "resources": [
    {
      "module": "module.network",
      "mode": "managed",
      "type": "azurerm_subnet",
      "name": "subnet",
      "provider": "provider[\"registry.terraform.io/hashicorp/azurerm\"]",
      "instances": [
        {
          "schema_version": 0,
          "attributes": {
            "address_prefixes": [
              "10.0.1.0/29"
            ],
            "default_outbound_access_enabled": true,
            "delegation": [],
            "id": "/subscriptions/1f8c3888-4672-49d2-8e63-0b1b8819dba7/resourceGroups/parimal-testing/providers/Microsoft.Network/virtualNetworks/parimaltesting-vnet/subnets/default",
            "name": "default",
            "private_endpoint_network_policies": "Disabled",
            "private_link_service_network_policies_enabled": true,
            "resource_group_name": "parimal-testing",
            "service_endpoint_policy_ids": null,
            "service_endpoints": null,
            "timeouts": null,
            "virtual_network_name": "parimaltesting-vnet"
          },
          "sensitive_attributes": [],
          "private": "eyJlMmJmYjczMC1lY2FhLTExZTYtOGY4OC0zNDM2M2JjN2M0YzAiOnsiY3JlYXRlIjoxODAwMDAwMDAwMDAwLCJkZWxldGUiOjE4MDAwMDAwMDAwMDAsInJlYWQiOjMwMDAwMDAwMDAwMCwidXBkYXRlIjoxODAwMDAwMDAwMDAwfX0=",
          "dependencies": [
            "module.network.azurerm_virtual_network.vnet"
          ]
        }
      ]
    },
    {
      "module": "module.network",
      "mode": "managed",
      "type": "azurerm_virtual_network",
      "name": "vnet",
      "provider": "provider[\"registry.terraform.io/hashicorp/azurerm\"]",
      "instances": [
        {
          "schema_version": 0,
          "attributes": {
            "address_space": [
              "10.0.0.0/16"
            ],
            "bgp_community": "",
            "ddos_protection_plan": [],
            "dns_servers": [],
            "edge_zone": "",
            "encryption": [],
            "flow_timeout_in_minutes": 0,
            "guid": "0a1bd7a9-e51a-4151-8f73-c91f6cdcbfc8",
            "id": "/subscriptions/1f8c3888-4672-49d2-8e63-0b1b8819dba7/resourceGroups/parimal-testing/providers/Microsoft.Network/virtualNetworks/parimaltesting-vnet",
            "location": "eastus",
            "name": "parimaltesting-vnet",
            "resource_group_name": "parimal-testing",
            "subnet": [],
            "tags": null,
            "timeouts": null
          },
          "sensitive_attributes": [],
          "private": "eyJlMmJmYjczMC1lY2FhLTExZTYtOGY4OC0zNDM2M2JjN2M0YzAiOnsiY3JlYXRlIjoxODAwMDAwMDAwMDAwLCJkZWxldGUiOjE4MDAwMDAwMDAwMDAsInJlYWQiOjMwMDAwMDAwMDAwMCwidXBkYXRlIjoxODAwMDAwMDAwMDAwfX0="
        }
      ]
    },
    {
      "module": "module.nic",
      "mode": "managed",
      "type": "azurerm_network_interface",
      "name": "nic",
      "provider": "provider[\"registry.terraform.io/hashicorp/azurerm\"]",
      "instances": [
        {
          "schema_version": 0,
          "attributes": {
            "accelerated_networking_enabled": false,
            "applied_dns_servers": [],
            "auxiliary_mode": "",
            "auxiliary_sku": "",
            "dns_servers": null,
            "edge_zone": "",
            "id": "/subscriptions/1f8c3888-4672-49d2-8e63-0b1b8819dba7/resourceGroups/parimal-testing/providers/Microsoft.Network/networkInterfaces/parimal-vm-nic",
            "internal_dns_name_label": "",
            "internal_domain_name_suffix": "vhlrwcq02viudd1tzepwzxf5za.bx.internal.cloudapp.net",
            "ip_configuration": [
              {
                "gateway_load_balancer_frontend_ip_configuration_id": "",
                "name": "internal",
                "primary": true,
                "private_ip_address": "10.0.1.4",
                "private_ip_address_allocation": "Dynamic",
                "private_ip_address_version": "IPv4",
                "public_ip_address_id": "/subscriptions/1f8c3888-4672-49d2-8e63-0b1b8819dba7/resourceGroups/parimal-testing/providers/Microsoft.Network/publicIPAddresses/parimaltestingpublicip",
                "subnet_id": "/subscriptions/1f8c3888-4672-49d2-8e63-0b1b8819dba7/resourceGroups/parimal-testing/providers/Microsoft.Network/virtualNetworks/parimaltesting-vnet/subnets/default"
              }
            ],
            "ip_forwarding_enabled": false,
            "location": "eastus",
            "mac_address": "",
            "name": "parimal-vm-nic",
            "private_ip_address": "10.0.1.4",
            "private_ip_addresses": [
              "10.0.1.4"
            ],
            "resource_group_name": "parimal-testing",
            "tags": null,
            "timeouts": null,
            "virtual_machine_id": ""
          },
          "sensitive_attributes": [],
          "private": "eyJlMmJmYjczMC1lY2FhLTExZTYtOGY4OC0zNDM2M2JjN2M0YzAiOnsiY3JlYXRlIjoxODAwMDAwMDAwMDAwLCJkZWxldGUiOjE4MDAwMDAwMDAwMDAsInJlYWQiOjMwMDAwMDAwMDAwMCwidXBkYXRlIjoxODAwMDAwMDAwMDAwfX0=",
          "dependencies": [
            "module.network.azurerm_subnet.subnet",
            "module.network.azurerm_virtual_network.vnet",
            "module.public_ip.azurerm_public_ip.public_ip"
          ]
        }
      ]
    },
    {
      "module": "module.public_ip",
      "mode": "managed",
      "type": "azurerm_public_ip",
      "name": "public_ip",
      "provider": "provider[\"registry.terraform.io/hashicorp/azurerm\"]",
      "instances": [
        {
          "schema_version": 0,
          "attributes": {
            "allocation_method": "Static",
            "ddos_protection_mode": "VirtualNetworkInherited",
            "ddos_protection_plan_id": null,
            "domain_name_label": null,
            "domain_name_label_scope": null,
            "edge_zone": "",
            "fqdn": null,
            "id": "/subscriptions/1f8c3888-4672-49d2-8e63-0b1b8819dba7/resourceGroups/parimal-testing/providers/Microsoft.Network/publicIPAddresses/parimaltestingpublicip",
            "idle_timeout_in_minutes": 4,
            "ip_address": "172.173.200.64",
            "ip_tags": null,
            "ip_version": "IPv4",
            "location": "eastus",
            "name": "parimaltestingpublicip",
            "public_ip_prefix_id": null,
            "resource_group_name": "parimal-testing",
            "reverse_fqdn": null,
            "sku": "Standard",
            "sku_tier": "Regional",
            "tags": {
              "environment": "parimaltest"
            },
            "timeouts": null,
            "zones": null
          },
          "sensitive_attributes": [],
          "private": "eyJlMmJmYjczMC1lY2FhLTExZTYtOGY4OC0zNDM2M2JjN2M0YzAiOnsiY3JlYXRlIjoxODAwMDAwMDAwMDAwLCJkZWxldGUiOjE4MDAwMDAwMDAwMDAsInJlYWQiOjMwMDAwMDAwMDAwMCwidXBkYXRlIjoxODAwMDAwMDAwMDAwfX0="
        }
      ]
    }
  ],
  "check_results": null
}
